{
  "name": "pocketbase-backup",
  "version": "1.0.0",
  "lockfileVersion": 2,
  "requires": true,
  "packages": {
    "": {
      "name": "pocketbase-backup",
      "version": "1.0.0",
      "license": "MIT",
      "dependencies": {
        "dotenv": "^16.3.1",
        "pocketbase": "^0.18.3"
      }
    },
    "node_modules/dotenv": {
      "version": "16.3.1",
      "resolved": "https://registry.npmjs.org/dotenv/-/dotenv-16.3.1.tgz",
      "integrity": "sha512-IPzF4w4/Rd94bA9imS68tZBaYyBWSCE47V1RGuMrB94iyTOIEwRmVL2x/4An+6mETpLrKJ5hQkB8W4kFAadeIQ==",
      "engines": {
        "node": ">=12"
      },
      "funding": {
        "url": "https://github.com/motdotla/dotenv?sponsor=1"
      }
    },
    "node_modules/pocketbase": {
      "version": "0.18.3",
      "resolved": "https://registry.npmjs.org/pocketbase/-/pocketbase-0.18.3.tgz",
      "integrity": "sha512-zE4+oue0p0Ntwoil17b2geBpPwV6B6bYdsbXmNWmod6XOqBK2+jLDT5/SlAP3une4bo3U5ZAW2GvigEBAV3bBg=="
    }
  },
  "dependencies": {
    "dotenv": {
      "version": "16.3.1",
      "resolved": "https://registry.npmjs.org/dotenv/-/dotenv-16.3.1.tgz",
      "integrity": "sha512-IPzF4w4/Rd94bA9imS68tZBaYyBWSCE47V1RGuMrB94iyTOIEwRmVL2x/4An+6mETpLrKJ5hQkB8W4kFAadeIQ=="
    },
    "pocketbase": {
      "version": "0.18.3",
      "resolved": "https://registry.npmjs.org/pocketbase/-/pocketbase-0.18.3.tgz",
      "integrity": "sha512-zE4+oue0p0Ntwoil17b2geBpPwV6B6bYdsbXmNWmod6XOqBK2+jLDT5/SlAP3une4bo3U5ZAW2GvigEBAV3bBg=="
    }
  }
}
